// !$*UTF8*$!
{
	archiveVersion = 1;
	classes = {
	};
	objectVersion = 51;
	objects = {

/* Begin PBXBuildFile section */
		4151FF5725B17B1900B1334D /* SparksFoundationBankApp.swift in Sources */ = {isa = PBXBuildFile; fileRef = 4151FF5625B17B1900B1334D /* SparksFoundationBankApp.swift */; };
		4151FF5925B17B1900B1334D /* ContentView.swift in Sources */ = {isa = PBXBuildFile; fileRef = 4151FF5825B17B1900B1334D /* ContentView.swift */; };
		4151FF5B25B17B1D00B1334D /* Assets.xcassets in Resources */ = {isa = PBXBuildFile; fileRef = 4151FF5A25B17B1D00B1334D /* Assets.xcassets */; };
		4151FF5E25B17B1D00B1334D /* Preview Assets.xcassets in Resources */ = {isa = PBXBuildFile; fileRef = 4151FF5D25B17B1D00B1334D /* Preview Assets.xcassets */; };
		4151FF6725B18FEB00B1334D /* SubTaskViews.swift in Sources */ = {isa = PBXBuildFile; fileRef = 4151FF6625B18FEB00B1334D /* SubTaskViews.swift */; };
		4151FF6B25B1E4A200B1334D /* Transactions.swift in Sources */ = {isa = PBXBuildFile; fileRef = 4151FF6A25B1E4A200B1334D /* Transactions.swift */; };
		4151FF6E25B1EDB200B1334D /* TransactionCells.swift in Sources */ = {isa = PBXBuildFile; fileRef = 4151FF6D25B1EDB200B1334D /* TransactionCells.swift */; };
		4151FF7125B1FD6700B1334D /* Customers.swift in Sources */ = {isa = PBXBuildFile; fileRef = 4151FF7025B1FD6700B1334D /* Customers.swift */; };
		4151FF7425B1FDB000B1334D /* CustomersCells.swift in Sources */ = {isa = PBXBuildFile; fileRef = 4151FF7325B1FDB000B1334D /* CustomersCells.swift */; };
		4151FF7825B2133300B1334D /* SendMoney.swift in Sources */ = {isa = PBXBuildFile; fileRef = 4151FF7725B2133300B1334D /* SendMoney.swift */; };
		4151FF7B25B21AE600B1334D /* AddMoney.swift in Sources */ = {isa = PBXBuildFile; fileRef = 4151FF7A25B21AE600B1334D /* AddMoney.swift */; };
		41695D0725B341C200F4AA59 /* customersModel.swift in Sources */ = {isa = PBXBuildFile; fileRef = 41695D0625B341C200F4AA59 /* customersModel.swift */; };
		41695D0A25B344B300F4AA59 /* DB_Manager.swift in Sources */ = {isa = PBXBuildFile; fileRef = 41695D0925B344B300F4AA59 /* DB_Manager.swift */; };
		418B9B3025B6071A00BAFBF2 /* transactionsModel.swift in Sources */ = {isa = PBXBuildFile; fileRef = 418B9B2F25B6071900BAFBF2 /* transactionsModel.swift */; };
		418B9B3425B61CAE00BAFBF2 /* Bank.sqlite3 in Resources */ = {isa = PBXBuildFile; fileRef = 418B9B3325B61CAE00BAFBF2 /* Bank.sqlite3 */; };
		9798C9D180DEAE60419CC001 /* Pods_SparksFoundationBank.framework in Frameworks */ = {isa = PBXBuildFile; fileRef = 2F3BE6B3FF1DAD29D93BC44C /* Pods_SparksFoundationBank.framework */; };
/* End PBXBuildFile section */

/* Begin PBXFileReference section */
		2F3BE6B3FF1DAD29D93BC44C /* Pods_SparksFoundationBank.framework */ = {isa = PBXFileReference; explicitFileType = wrapper.framework; includeInIndex = 0; path = Pods_SparksFoundationBank.framework; sourceTree = BUILT_PRODUCTS_DIR; };
		4151FF5325B17B1900B1334D /* SparksFoundationBank.app */ = {isa = PBXFileReference; explicitFileType = wrapper.application; includeInIndex = 0; path = SparksFoundationBank.app; sourceTree = BUILT_PRODUCTS_DIR; };
		4151FF5625B17B1900B1334D /* SparksFoundationBankApp.swift */ = {isa = PBXFileReference; lastKnownFileType = sourcecode.swift; path = SparksFoundationBankApp.swift; sourceTree = "<group>"; };
		4151FF5825B17B1900B1334D /* ContentView.swift */ = {isa = PBXFileReference; lastKnownFileType = sourcecode.swift; path = ContentView.swift; sourceTree = "<group>"; };
		4151FF5A25B17B1D00B1334D /* Assets.xcassets */ = {isa = PBXFileReference; lastKnownFileType = folder.assetcatalog; path = Assets.xcassets; sourceTree = "<group>"; };
		4151FF5D25B17B1D00B1334D /* Preview Assets.xcassets */ = {isa = PBXFileReference; lastKnownFileType = folder.assetcatalog; path = "Preview Assets.xcassets"; sourceTree = "<group>"; };
		4151FF5F25B17B1D00B1334D /* Info.plist */ = {isa = PBXFileReference; lastKnownFileType = text.plist.xml; path = Info.plist; sourceTree = "<group>"; };
		4151FF6625B18FEB00B1334D /* SubTaskViews.swift */ = {isa = PBXFileReference; lastKnownFileType = sourcecode.swift; path = SubTaskViews.swift; sourceTree = "<group>"; };
		4151FF6A25B1E4A200B1334D /* Transactions.swift */ = {isa = PBXFileReference; lastKnownFileType = sourcecode.swift; path = Transactions.swift; sourceTree = "<group>"; };
		4151FF6D25B1EDB200B1334D /* TransactionCells.swift */ = {isa = PBXFileReference; lastKnownFileType = sourcecode.swift; path = TransactionCells.swift; sourceTree = "<group>"; };
		4151FF7025B1FD6700B1334D /* Customers.swift */ = {isa = PBXFileReference; lastKnownFileType = sourcecode.swift; path = Customers.swift; sourceTree = "<group>"; };
		4151FF7325B1FDB000B1334D /* CustomersCells.swift */ = {isa = PBXFileReference; lastKnownFileType = sourcecode.swift; path = CustomersCells.swift; sourceTree = "<group>"; };
		4151FF7725B2133300B1334D /* SendMoney.swift */ = {isa = PBXFileReference; lastKnownFileType = sourcecode.swift; path = SendMoney.swift; sourceTree = "<group>"; };
		4151FF7A25B21AE600B1334D /* AddMoney.swift */ = {isa = PBXFileReference; lastKnownFileType = sourcecode.swift; path = AddMoney.swift; sourceTree = "<group>"; };
		41695D0625B341C200F4AA59 /* customersModel.swift */ = {isa = PBXFileReference; lastKnownFileType = sourcecode.swift; path = customersModel.swift; sourceTree = "<group>"; };
		41695D0925B344B300F4AA59 /* DB_Manager.swift */ = {isa = PBXFileReference; lastKnownFileType = sourcecode.swift; path = DB_Manager.swift; sourceTree = "<group>"; };
		418B9B2F25B6071900BAFBF2 /* transactionsModel.swift */ = {isa = PBXFileReference; lastKnownFileType = sourcecode.swift; path = transactionsModel.swift; sourceTree = "<group>"; };
		418B9B3325B61CAE00BAFBF2 /* Bank.sqlite3 */ = {isa = PBXFileReference; lastKnownFileType = file; path = Bank.sqlite3; sourceTree = "<group>"; };
		5A5D3CCAB518AE32145E700D /* Pods-SparksFoundationBank.debug.xcconfig */ = {isa = PBXFileReference; includeInIndex = 1; lastKnownFileType = text.xcconfig; name = "Pods-SparksFoundationBank.debug.xcconfig"; path = "Target Support Files/Pods-SparksFoundationBank/Pods-SparksFoundationBank.debug.xcconfig"; sourceTree = "<group>"; };
		E24585078A099A149C5A1616 /* Pods-SparksFoundationBank.release.xcconfig */ = {isa = PBXFileReference; includeInIndex = 1; lastKnownFileType = text.xcconfig; name = "Pods-SparksFoundationBank.release.xcconfig"; path = "Target Support Files/Pods-SparksFoundationBank/Pods-SparksFoundationBank.release.xcconfig"; sourceTree = "<group>"; };
/* End PBXFileReference section */

/* Begin PBXFrameworksBuildPhase section */
		4151FF5025B17B1900B1334D /* Frameworks */ = {
			isa = PBXFrameworksBuildPhase;
			buildActionMask = 2147483647;
			files = (
				9798C9D180DEAE60419CC001 /* Pods_SparksFoundationBank.framework in Frameworks */,
			);
			runOnlyForDeploymentPostprocessing = 0;
		};
/* End PBXFrameworksBuildPhase section */

/* Begin PBXGroup section */
		00DCF58E78E96EDFAC1C7152 /* Frameworks */ = {
			isa = PBXGroup;
			children = (
				2F3BE6B3FF1DAD29D93BC44C /* Pods_SparksFoundationBank.framework */,
			);
			name = Frameworks;
			sourceTree = "<group>";
		};
		4151FF4A25B17B1900B1334D = {
			isa = PBXGroup;
			children = (
				4151FF5525B17B1900B1334D /* SparksFoundationBank */,
				4151FF5425B17B1900B1334D /* Products */,
				663999E186EB0489AEE8E954 /* Pods */,
				00DCF58E78E96EDFAC1C7152 /* Frameworks */,
			);
			sourceTree = "<group>";
		};
		4151FF5425B17B1900B1334D /* Products */ = {
			isa = PBXGroup;
			children = (
				4151FF5325B17B1900B1334D /* SparksFoundationBank.app */,
			);
			name = Products;
			sourceTree = "<group>";
		};
		4151FF5525B17B1900B1334D /* SparksFoundationBank */ = {
			isa = PBXGroup;
			children = (
				418B9B3325B61CAE00BAFBF2 /* Bank.sqlite3 */,
				4151FF5625B17B1900B1334D /* SparksFoundationBankApp.swift */,
				4151FF5825B17B1900B1334D /* ContentView.swift */,
				41695D0625B341C200F4AA59 /* customersModel.swift */,
				418B9B2F25B6071900BAFBF2 /* transactionsModel.swift */,
				41695D0925B344B300F4AA59 /* DB_Manager.swift */,
				4151FF7725B2133300B1334D /* SendMoney.swift */,
				4151FF7A25B21AE600B1334D /* AddMoney.swift */,
				4151FF6A25B1E4A200B1334D /* Transactions.swift */,
				4151FF6D25B1EDB200B1334D /* TransactionCells.swift */,
				4151FF7025B1FD6700B1334D /* Customers.swift */,
				4151FF7325B1FDB000B1334D /* CustomersCells.swift */,
				4151FF6625B18FEB00B1334D /* SubTaskViews.swift */,
				4151FF5A25B17B1D00B1334D /* Assets.xcassets */,
				4151FF5F25B17B1D00B1334D /* Info.plist */,
				4151FF5C25B17B1D00B1334D /* Preview Content */,
			);
			path = SparksFoundationBank;
			sourceTree = "<group>";
		};
		4151FF5C25B17B1D00B1334D /* Preview Content */ = {
			isa = PBXGroup;
			children = (
				4151FF5D25B17B1D00B1334D /* Preview Assets.xcassets */,
			);
			path = "Preview Content";
			sourceTree = "<group>";
		};
		663999E186EB0489AEE8E954 /* Pods */ = {
			isa = PBXGroup;
			children = (
				5A5D3CCAB518AE32145E700D /* Pods-SparksFoundationBank.debug.xcconfig */,
				E24585078A099A149C5A1616 /* Pods-SparksFoundationBank.release.xcconfig */,
			);
			path = Pods;
			sourceTree = "<group>";
		};
/* End PBXGroup section */

/* Begin PBXNativeTarget section */
		4151FF5225B17B1900B1334D /* SparksFoundationBank */ = {
			isa = PBXNativeTarget;
			buildConfigurationList = 4151FF6225B17B1D00B1334D /* Build configuration list for PBXNativeTarget "SparksFoundationBank" */;
			buildPhases = (
				A9BB68C0843DAEBB94D6450E /* [CP] Check Pods Manifest.lock */,
				4151FF4F25B17B1900B1334D /* Sources */,
				4151FF5025B17B1900B1334D /* Frameworks */,
				4151FF5125B17B1900B1334D /* Resources */,
				4AAEC47BDF4648FCEB17AD1D /* [CP] Embed Pods Frameworks */,
			);
			buildRules = (
			);
			dependencies = (
			);
			name = SparksFoundationBank;
			productName = SparksFoundationBank;
			productReference = 4151FF5325B17B1900B1334D /* SparksFoundationBank.app */;
			productType = "com.apple.product-type.application";
		};
/* End PBXNativeTarget section */

/* Begin PBXProject section */
		4151FF4B25B17B1900B1334D /* Project object */ = {
			isa = PBXProject;
			attributes = {
				LastSwiftUpdateCheck = 1220;
				LastUpgradeCheck = 1220;
				TargetAttributes = {
					4151FF5225B17B1900B1334D = {
						CreatedOnToolsVersion = 12.2;
					};
				};
			};
			buildConfigurationList = 4151FF4E25B17B1900B1334D /* Build configuration list for PBXProject "SparksFoundationBank" */;
			compatibilityVersion = "Xcode 9.3";
			developmentRegion = en;
			hasScannedForEncodings = 0;
			knownRegions = (
				en,
				Base,
			);
			mainGroup = 4151FF4A25B17B1900B1334D;
			productRefGroup = 4151FF5425B17B1900B1334D /* Products */;
			projectDirPath = "";
			projectRoot = "";
			targets = (
				4151FF5225B17B1900B1334D /* SparksFoundationBank */,
			);
		};
/* End PBXProject section */

/* Begin PBXResourcesBuildPhase section */
		4151FF5125B17B1900B1334D /* Resources */ = {
			isa = PBXResourcesBuildPhase;
			buildActionMask = 2147483647;
			files = (
				4151FF5E25B17B1D00B1334D /* Preview Assets.xcassets in Resources */,
				418B9B3425B61CAE00BAFBF2 /* Bank.sqlite3 in Resources */,
				4151FF5B25B17B1D00B1334D /* Assets.xcassets in Resources */,
			);
			runOnlyForDeploymentPostprocessing = 0;
		};
/* End PBXResourcesBuildPhase section */

/* Begin PBXShellScriptBuildPhase section */
		4AAEC47BDF4648FCEB17AD1D /* [CP] Embed Pods Frameworks */ = {
			isa = PBXShellScriptBuildPhase;
			buildActionMask = 2147483647;
			files = (
			);
			inputFileListPaths = (
				"${PODS_ROOT}/Target Support Files/Pods-SparksFoundationBank/Pods-SparksFoundationBank-frameworks-${CONFIGURATION}-input-files.xcfilelist",
			);
			name = "[CP] Embed Pods Frameworks";
			outputFileListPaths = (
				"${PODS_ROOT}/Target Support Files/Pods-SparksFoundationBank/Pods-SparksFoundationBank-frameworks-${CONFIGURATION}-output-files.xcfilelist",
			);
			runOnlyForDeploymentPostprocessing = 0;
			shellPath = /bin/sh;
			shellScript = "\"${PODS_ROOT}/Target Support Files/Pods-SparksFoundationBank/Pods-SparksFoundationBank-frameworks.sh\"\n";
			showEnvVarsInLog = 0;
		};
		A9BB68C0843DAEBB94D6450E /* [CP] Check Pods Manifest.lock */ = {
			isa = PBXShellScriptBuildPhase;
			buildActionMask = 2147483647;
			files = (
			);
			inputFileListPaths = (
			);
			inputPaths = (
				"${PODS_PODFILE_DIR_PATH}/Podfile.lock",
				"${PODS_ROOT}/Manifest.lock",
			);
			name = "[CP] Check Pods Manifest.lock";
			outputFileListPaths = (
			);
			outputPaths = (
				"$(DERIVED_FILE_DIR)/Pods-SparksFoundationBank-checkManifestLockResult.txt",
			);
			runOnlyForDeploymentPostprocessing = 0;
			shellPath = /bin/sh;
			shellScript = "diff \"${PODS_PODFILE_DIR_PATH}/Podfile.lock\" \"${PODS_ROOT}/Manifest.lock\" > /dev/null\nif [ $? != 0 ] ; then\n    # print error to STDERR\n    echo \"error: The sandbox is not in sync with the Podfile.lock. Run 'pod install' or update your CocoaPods installation.\" >&2\n    exit 1\nfi\n# This output is used by Xcode 'outputs' to avoid re-running this script phase.\necho \"SUCCESS\" > \"${SCRIPT_OUTPUT_FILE_0}\"\n";
			showEnvVarsInLog = 0;
		};
/* End PBXShellScriptBuildPhase section */

/* Begin PBXSourcesBuildPhase section */
		4151FF4F25B17B1900B1334D /* Sources */ = {
			isa = PBXSourcesBuildPhase;
			buildActionMask = 2147483647;
			files = (
				418B9B3025B6071A00BAFBF2 /* transactionsModel.swift in Sources */,
				4151FF5925B17B1900B1334D /* ContentView.swift in Sources */,
				41695D0725B341C200F4AA59 /* customersModel.swift in Sources */,
				4151FF7125B1FD6700B1334D /* Customers.swift in Sources */,
				41695D0A25B344B300F4AA59 /* DB_Manager.swift in Sources */,
				4151FF5725B17B1900B1334D /* SparksFoundationBankApp.swift in Sources */,
				4151FF6E25B1EDB200B1334D /* TransactionCells.swift in Sources */,
				4151FF7825B2133300B1334D /* SendMoney.swift in Sources */,
				4151FF7425B1FDB000B1334D /* CustomersCells.swift in Sources */,
				4151FF7B25B21AE600B1334D /* AddMoney.swift in Sources */,
				4151FF6B25B1E4A200B1334D /* Transactions.swift in Sources */,
				4151FF6725B18FEB00B1334D /* SubTaskViews.swift in Sources */,
			);
			runOnlyForDeploymentPostprocessing = 0;
		};
/* End PBXSourcesBuildPhase section */

/* Begin XCBuildConfiguration section */
		4151FF6025B17B1D00B1334D /* Debug */ = {
			isa = XCBuildConfiguration;
			buildSettings = {
				ALWAYS_SEARCH_USER_PATHS = NO;
				CLANG_ANALYZER_NONNULL = YES;
				CLANG_ANALYZER_NUMBER_OBJECT_CONVERSION = YES_AGGRESSIVE;
				CLANG_CXX_LANGUAGE_STANDARD = "gnu++14";
				CLANG_CXX_LIBRARY = "libc++";
				CLANG_ENABLE_MODULES = YES;
				CLANG_ENABLE_OBJC_ARC = YES;
				CLANG_ENABLE_OBJC_WEAK = YES;
				CLANG_WARN_BLOCK_CAPTURE_AUTORELEASING = YES;
				CLANG_WARN_BOOL_CONVERSION = YES;
				CLANG_WARN_COMMA = YES;
				CLANG_WARN_CONSTANT_CONVERSION = YES;
				CLANG_WARN_DEPRECATED_OBJC_IMPLEMENTATIONS = YES;
				CLANG_WARN_DIRECT_OBJC_ISA_USAGE = YES_ERROR;
				CLANG_WARN_DOCUMENTATION_COMMENTS = YES;
				CLANG_WARN_EMPTY_BODY = YES;
				CLANG_WARN_ENUM_CONVERSION = YES;
				CLANG_WARN_INFINITE_RECURSION = YES;
				CLANG_WARN_INT_CONVERSION = YES;
				CLANG_WARN_NON_LITERAL_NULL_CONVERSION = YES;
				CLANG_WARN_OBJC_IMPLICIT_RETAIN_SELF = YES;
				CLANG_WARN_OBJC_LITERAL_CONVERSION = YES;
				CLANG_WARN_OBJC_ROOT_CLASS = YES_ERROR;
				CLANG_WARN_QUOTED_INCLUDE_IN_FRAMEWORK_HEADER = YES;
				CLANG_WARN_RANGE_LOOP_ANALYSIS = YES;
				CLANG_WARN_STRICT_PROTOTYPES = YES;
				CLANG_WARN_SUSPICIOUS_MOVE = YES;
				CLANG_WARN_UNGUARDED_AVAILABILITY = YES_AGGRESSIVE;
				CLANG_WARN_UNREACHABLE_CODE = YES;
				CLANG_WARN__DUPLICATE_METHOD_MATCH = YES;
				COPY_PHASE_STRIP = NO;
				DEBUG_INFORMATION_FORMAT = dwarf;
				ENABLE_STRICT_OBJC_MSGSEND = YES;
				ENABLE_TESTABILITY = YES;
				GCC_C_LANGUAGE_STANDARD = gnu11;
				GCC_DYNAMIC_NO_PIC = NO;
				GCC_NO_COMMON_BLOCKS = YES;
				GCC_OPTIMIZATION_LEVEL = 0;
				GCC_PREPROCESSOR_DEFINITIONS = (
					"DEBUG=1",
					"$(inherited)",
				);
				GCC_WARN_64_TO_32_BIT_CONVERSION = YES;
				GCC_WARN_ABOUT_RETURN_TYPE = YES_ERROR;
				GCC_WARN_UNDECLARED_SELECTOR = YES;
				GCC_WARN_UNINITIALIZED_AUTOS = YES_AGGRESSIVE;
				GCC_WARN_UNUSED_FUNCTION = YES;
				GCC_WARN_UNUSED_VARIABLE = YES;
				IPHONEOS_DEPLOYMENT_TARGET = 14.2;
				MTL_ENABLE_DEBUG_INFO = INCLUDE_SOURCE;
				MTL_FAST_MATH = YES;
				ONLY_ACTIVE_ARCH = YES;
				SDKROOT = iphoneos;
				SWIFT_ACTIVE_COMPILATION_CONDITIONS = DEBUG;
				SWIFT_OPTIMIZATION_LEVEL = "-Onone";
			};
			name = Debug;
		};
		4151FF6125B17B1D00B1334D /* Release */ = {
			isa = XCBuildConfiguration;
			buildSettings = {
				ALWAYS_SEARCH_USER_PATHS = NO;
				CLANG_ANALYZER_NONNULL = YES;
				CLANG_ANALYZER_NUMBER_OBJECT_CONVERSION = YES_AGGRESSIVE;
				CLANG_CXX_LANGUAGE_STANDARD = "gnu++14";
				CLANG_CXX_LIBRARY = "libc++";
				CLANG_ENABLE_MODULES = YES;
				CLANG_ENABLE_OBJC_ARC = YES;
				CLANG_ENABLE_OBJC_WEAK = YES;
				CLANG_WARN_BLOCK_CAPTURE_AUTORELEASING = YES;
				CLANG_WARN_BOOL_CONVERSION = YES;
				CLANG_WARN_COMMA = YES;
				CLANG_WARN_CONSTANT_CONVERSION = YES;
				CLANG_WARN_DEPRECATED_OBJC_IMPLEMENTATIONS = YES;
				CLANG_WARN_DIRECT_OBJC_ISA_USAGE = YES_ERROR;
				CLANG_WARN_DOCUMENTATION_COMMENTS = YES;
				CLANG_WARN_EMPTY_BODY = YES;
				CLANG_WARN_ENUM_CONVERSION = YES;
				CLANG_WARN_INFINITE_RECURSION = YES;
				CLANG_WARN_INT_CONVERSION = YES;
				CLANG_WARN_NON_LITERAL_NULL_CONVERSION = YES;
				CLANG_WARN_OBJC_IMPLICIT_RETAIN_SELF = YES;
				CLANG_WARN_OBJC_LITERAL_CONVERSION = YES;
				CLANG_WARN_OBJC_ROOT_CLASS = YES_ERROR;
				CLANG_WARN_QUOTED_INCLUDE_IN_FRAMEWORK_HEADER = YES;
				CLANG_WARN_RANGE_LOOP_ANALYSIS = YES;
				CLANG_WARN_STRICT_PROTOTYPES = YES;
				CLANG_WARN_SUSPICIOUS_MOVE = YES;
				CLANG_WARN_UNGUARDED_AVAILABILITY = YES_AGGRESSIVE;
				CLANG_WARN_UNREACHABLE_CODE = YES;
				CLANG_WARN__DUPLICATE_METHOD_MATCH = YES;
				COPY_PHASE_STRIP = NO;
				DEBUG_INFORMATION_FORMAT = "dwarf-with-dsym";
				ENABLE_NS_ASSERTIONS = NO;
				ENABLE_STRICT_OBJC_MSGSEND = YES;
				GCC_C_LANGUAGE_STANDARD = gnu11;
				GCC_NO_COMMON_BLOCKS = YES;
				GCC_WARN_64_TO_32_BIT_CONVERSION = YES;
				GCC_WARN_ABOUT_RETURN_TYPE = YES_ERROR;
				GCC_WARN_UNDECLARED_SELECTOR = YES;
				GCC_WARN_UNINITIALIZED_AUTOS = YES_AGGRESSIVE;
				GCC_WARN_UNUSED_FUNCTION = YES;
				GCC_WARN_UNUSED_VARIABLE = YES;
				IPHONEOS_DEPLOYMENT_TARGET = 14.2;
				MTL_ENABLE_DEBUG_INFO = NO;
				MTL_FAST_MATH = YES;
				SDKROOT = iphoneos;
				SWIFT_COMPILATION_MODE = wholemodule;
				SWIFT_OPTIMIZATION_LEVEL = "-O";
				VALIDATE_PRODUCT = YES;
			};
			name = Release;
		};
		4151FF6325B17B1D00B1334D /* Debug */ = {
			isa = XCBuildConfiguration;
			baseConfigurationReference = 5A5D3CCAB518AE32145E700D /* Pods-SparksFoundationBank.debug.xcconfig */;
			buildSettings = {
				ASSETCATALOG_COMPILER_APPICON_NAME = AppIcon;
				ASSETCATALOG_COMPILER_GLOBAL_ACCENT_COLOR_NAME = AccentColor;
				CODE_SIGN_STYLE = Automatic;
				DEVELOPMENT_ASSET_PATHS = "\"SparksFoundationBank/Preview Content\"";
				DEVELOPMENT_TEAM = 65Z93CH37A;
				ENABLE_PREVIEWS = YES;
				INFOPLIST_FILE = SparksFoundationBank/Info.plist;
				IPHONEOS_DEPLOYMENT_TARGET = 14.0;
				LD_RUNPATH_SEARCH_PATHS = (
					"$(inherited)",
					"@executable_path/Frameworks",
				);
				PRODUCT_BUNDLE_IDENTIFIER = rupamlaha.SparksFoundationBank;
				PRODUCT_NAME = "$(TARGET_NAME)";
				SWIFT_VERSION = 5.0;
				TARGETED_DEVICE_FAMILY = "1,2";
			};
			name = Debug;
		};
		4151FF6425B17B1D00B1334D /* Release */ = {
			isa = XCBuildConfiguration;
			baseConfigurationReference = E24585078A099A149C5A1616 /* Pods-SparksFoundationBank.release.xcconfig */;
			buildSettings = {
				ASSETCATALOG_COMPILER_APPICON_NAME = AppIcon;
				ASSETCATALOG_COMPILER_GLOBAL_ACCENT_COLOR_NAME = AccentColor;
				CODE_SIGN_STYLE = Automatic;
				DEVELOPMENT_ASSET_PATHS = "\"SparksFoundationBank/Preview Content\"";
				DEVELOPMENT_TEAM = 65Z93CH37A;
				ENABLE_PREVIEWS = YES;
				INFOPLIST_FILE = SparksFoundationBank/Info.plist;
				IPHONEOS_DEPLOYMENT_TARGET = 14.0;
				LD_RUNPATH_SEARCH_PATHS = (
					"$(inherited)",
					"@executable_path/Frameworks",
				);
				PRODUCT_BUNDLE_IDENTIFIER = rupamlaha.SparksFoundationBank;
				PRODUCT_NAME = "$(TARGET_NAME)";
				SWIFT_VERSION = 5.0;
				TARGETED_DEVICE_FAMILY = "1,2";
			};
			name = Release;
		};
/* End XCBuildConfiguration section */

/* Begin XCConfigurationList section */
		4151FF4E25B17B1900B1334D /* Build configuration list for PBXProject "SparksFoundationBank" */ = {
			isa = XCConfigurationList;
			buildConfigurations = (
				4151FF6025B17B1D00B1334D /* Debug */,
				4151FF6125B17B1D00B1334D /* Release */,
			);
			defaultConfigurationIsVisible = 0;
			defaultConfigurationName = Release;
		};
		4151FF6225B17B1D00B1334D /* Build configuration list for PBXNativeTarget "SparksFoundationBank" */ = {
			isa = XCConfigurationList;
			buildConfigurations = (
				4151FF6325B17B1D00B1334D /* Debug */,
				4151FF6425B17B1D00B1334D /* Release */,
			);
			defaultConfigurationIsVisible = 0;
			defaultConfigurationName = Release;
		};
/* End XCConfigurationList section */
	};
	rootObject = 4151FF4B25B17B1900B1334D /* Project object */;
}
